
Microsoft Visual Studio Solution File, Format Version 12.00
# Visual Studio Version 16
VisualStudioVersion = 16.0.30907.101
MinimumVisualStudioVersion = 10.0.40219.1
Project("{9A19103F-16F7-4668-BE54-9A1E7A4F7556}") = "DataAccess", "DataAccess\DataAccess.csproj", "{6997E185-76AB-451E-943F-03C514E64332}"
EndProject
Project("{9A19103F-16F7-4668-BE54-9A1E7A4F7556}") = "Businness", "Businness\Businness.csproj", "{C88E95B1-76F9-4B1C-9F65-0BB2EFB8E331}"
EndProject
Project("{9A19103F-16F7-4668-BE54-9A1E7A4F7556}") = "Entities", "Entities\Entities.csproj", "{936EC8C1-83C7-4707-B35C-DC3724720641}"
EndProject
Project("{9A19103F-16F7-4668-BE54-9A1E7A4F7556}") = "ConsoleUI", "ConsoleUI\ConsoleUI.csproj", "{1EED1944-08DE-4A26-A45D-65063DC34B31}"
EndProject
Project("{9A19103F-16F7-4668-BE54-9A1E7A4F7556}") = "Core", "Core\Core.csproj", "{C56E63A2-ED10-4CCC-978E-B236000DCE58}"
EndProject
Project("{FAE04EC0-301F-11D3-BF4B-00C04F79EFBC}") = "WebAPİ", "WebAPİ\WebAPİ.csproj", "{06B61DD9-4049-44BA-A278-9963997DCA46}"
EndProject
Global
	GlobalSection(SolutionConfigurationPlatforms) = preSolution
		Debug|Any CPU = Debug|Any CPU
		Release|Any CPU = Release|Any CPU
	EndGlobalSection
	GlobalSection(ProjectConfigurationPlatforms) = postSolution
		{6997E185-76AB-451E-943F-03C514E64332}.Debug|Any CPU.ActiveCfg = Debug|Any CPU
		{6997E185-76AB-451E-943F-03C514E64332}.Debug|Any CPU.Build.0 = Debug|Any CPU
		{6997E185-76AB-451E-943F-03C514E64332}.Release|Any CPU.ActiveCfg = Release|Any CPU
		{6997E185-76AB-451E-943F-03C514E64332}.Release|Any CPU.Build.0 = Release|Any CPU
		{C88E95B1-76F9-4B1C-9F65-0BB2EFB8E331}.Debug|Any CPU.ActiveCfg = Debug|Any CPU
		{C88E95B1-76F9-4B1C-9F65-0BB2EFB8E331}.Debug|Any CPU.Build.0 = Debug|Any CPU
		{C88E95B1-76F9-4B1C-9F65-0BB2EFB8E331}.Release|Any CPU.ActiveCfg = Release|Any CPU
		{C88E95B1-76F9-4B1C-9F65-0BB2EFB8E331}.Release|Any CPU.Build.0 = Release|Any CPU
		{936EC8C1-83C7-4707-B35C-DC3724720641}.Debug|Any CPU.ActiveCfg = Debug|Any CPU
		{936EC8C1-83C7-4707-B35C-DC3724720641}.Debug|Any CPU.Build.0 = Debug|Any CPU
		{936EC8C1-83C7-4707-B35C-DC3724720641}.Release|Any CPU.ActiveCfg = Release|Any CPU
		{936EC8C1-83C7-4707-B35C-DC3724720641}.Release|Any CPU.Build.0 = Release|Any CPU
		{1EED1944-08DE-4A26-A45D-65063DC34B31}.Debug|Any CPU.ActiveCfg = Debug|Any CPU
		{1EED1944-08DE-4A26-A45D-65063DC34B31}.Debug|Any CPU.Build.0 = Debug|Any CPU
		{1EED1944-08DE-4A26-A45D-65063DC34B31}.Release|Any CPU.ActiveCfg = Release|Any CPU
		{1EED1944-08DE-4A26-A45D-65063DC34B31}.Release|Any CPU.Build.0 = Release|Any CPU
		{C56E63A2-ED10-4CCC-978E-B236000DCE58}.Debug|Any CPU.ActiveCfg = Debug|Any CPU
		{C56E63A2-ED10-4CCC-978E-B236000DCE58}.Debug|Any CPU.Build.0 = Debug|Any CPU
		{C56E63A2-ED10-4CCC-978E-B236000DCE58}.Release|Any CPU.ActiveCfg = Release|Any CPU
		{C56E63A2-ED10-4CCC-978E-B236000DCE58}.Release|Any CPU.Build.0 = Release|Any CPU
		{06B61DD9-4049-44BA-A278-9963997DCA46}.Debug|Any CPU.ActiveCfg = Debug|Any CPU
		{06B61DD9-4049-44BA-A278-9963997DCA46}.Debug|Any CPU.Build.0 = Debug|Any CPU
		{06B61DD9-4049-44BA-A278-9963997DCA46}.Release|Any CPU.ActiveCfg = Release|Any CPU
		{06B61DD9-4049-44BA-A278-9963997DCA46}.Release|Any CPU.Build.0 = Release|Any CPU
	EndGlobalSection
	GlobalSection(SolutionProperties) = preSolution
		HideSolutionNode = FALSE
	EndGlobalSection
	GlobalSection(ExtensibilityGlobals) = postSolution
		SolutionGuid = {A289F7D1-22C5-4E2E-938F-26B419804D5D}
	EndGlobalSection
EndGlobal
